<?xml version="1.0" encoding="utf-8"?>
<Project ToolsVersion="4.0" xmlns="http://schemas.microsoft.com/developer/msbuild/2003">
  <ItemGroup>
    <Filter Include="Service">
      <UniqueIdentifier>{dc647b85-062f-4114-afac-b55c5af91da4}</UniqueIdentifier>
    </Filter>
    <Filter Include="Source">
      <UniqueIdentifier>{4FC737F1-C7A5-4376-A066-2A32D752A2FF}</UniqueIdentifier>
      <Extensions>cpp;c;cc;cxx;c++;def;odl;idl;hpj;bat;asm;asmx</Extensions>
    </Filter>
    <Filter Include="Headers">
      <UniqueIdentifier>{93995380-89BD-4b04-88EB-625FBE52EBFB}</UniqueIdentifier>
      <Extensions>h;hh;hpp;hxx;h++;hm;inl;inc;ipp;xsd</Extensions>
    </Filter>
    <Filter Include="Resources">
      <UniqueIdentifier>{67DA6AB6-F800-4c08-8B7A-83BB121AAD01}</UniqueIdentifier>
      <Extensions>rc;ico;cur;bmp;dlg;rc2;rct;bin;rgs;gif;jpg;jpeg;jpe;resx;tiff;tif;png;wav;mfcribbon-ms</Extensions>
    </Filter>
    <Filter Include="Service\docs">
      <UniqueIdentifier>{6bcae54d-fe4f-4944-acc5-f6d19d5e139f}</UniqueIdentifier>
    </Filter>
    <Filter Include="Headers\SFML">
      <UniqueIdentifier>{4afecf1c-4e71-474f-bdbb-30cba976e090}</UniqueIdentifier>
    </Filter>
    <Filter Include="Headers\SFML\Graphics">
      <UniqueIdentifier>{dc4a3be0-d13b-4fa0-9f45-99a5d3dd0ab5}</UniqueIdentifier>
    </Filter>
    <Filter Include="Source\Entities">
      <UniqueIdentifier>{3e036da5-f2ef-469f-a9de-875c70a0403a}</UniqueIdentifier>
    </Filter>
    <Filter Include="Resources\config">
      <UniqueIdentifier>{938baeca-1331-49ed-bdbb-630256dcd2be}</UniqueIdentifier>
    </Filter>
    <Filter Include="Source\Entities\Components">
      <UniqueIdentifier>{e866c2e1-93b9-4787-8f8c-12344b8d4376}</UniqueIdentifier>
    </Filter>
    <Filter Include="Source\Core">
      <UniqueIdentifier>{cdda5616-4b78-4c3a-96db-cb033dd612dd}</UniqueIdentifier>
    </Filter>
    <Filter Include="Source\Core\States">
      <UniqueIdentifier>{771c94ba-368f-4ac5-83f3-ce3dd2fc09cb}</UniqueIdentifier>
    </Filter>
    <Filter Include="Source\Core\Global_classes">
      <UniqueIdentifier>{23b55432-6818-419e-997c-37b9bd76a2e0}</UniqueIdentifier>
    </Filter>
    <Filter Include="Source\Tiles">
      <UniqueIdentifier>{37df1077-5244-4b9e-9ad2-2b4646ecaf58}</UniqueIdentifier>
    </Filter>
    <Filter Include="Source\Core\Global_classes\GUI">
      <UniqueIdentifier>{e1ad0dea-e9ca-4e89-8fa7-9b47a4e750f5}</UniqueIdentifier>
    </Filter>
  </ItemGroup>
  <ItemGroup>
    <ClCompile Include="source\Game.cpp">
      <Filter>Source\Core\Global_classes</Filter>
    </ClCompile>
    <ClCompile Include="source\State.cpp">
      <Filter>Source\Core\States</Filter>
    </ClCompile>
    <ClCompile Include="source\GameState.cpp">
      <Filter>Source\Core\States</Filter>
    </ClCompile>
    <ClCompile Include="source\Entity.cpp">
      <Filter>Source\Entities</Filter>
    </ClCompile>
    <ClCompile Include="source\MainMenuState.cpp">
      <Filter>Source\Core\States</Filter>
    </ClCompile>
    <ClCompile Include="source\Player.cpp">
      <Filter>Source\Entities</Filter>
    </ClCompile>
    <ClCompile Include="source\MovementComponent.cpp">
      <Filter>Source\Entities\Components</Filter>
    </ClCompile>
    <ClCompile Include="source\AnimationComponent.cpp">
      <Filter>Source\Entities\Components</Filter>
    </ClCompile>
    <ClCompile Include="source\main.cpp">
      <Filter>Source\Core</Filter>
    </ClCompile>
    <ClCompile Include="source\EditorState.cpp">
      <Filter>Source\Core\States</Filter>
    </ClCompile>
    <ClCompile Include="source\HitboxComponent.cpp">
      <Filter>Source\Entities\Components</Filter>
    </ClCompile>
    <ClCompile Include="source\Tile.cpp">
      <Filter>Source\Tiles</Filter>
    </ClCompile>
    <ClCompile Include="source\Button.cpp">
      <Filter>Source\Core\Global_classes\GUI</Filter>
    </ClCompile>
    <ClCompile Include="source\PauseMenu.cpp">
      <Filter>Source\Core\Global_classes\GUI</Filter>
    </ClCompile>
    <ClCompile Include="source\Menu.cpp">
      <Filter>Source\Core\Global_classes\GUI</Filter>
    </ClCompile>
    <ClCompile Include="source\MainMenu.cpp">
      <Filter>Source\Core\Global_classes\GUI</Filter>
    </ClCompile>
  </ItemGroup>
  <ItemGroup>
    <None Include="..\.gitignore">
      <Filter>Service</Filter>
    </None>
    <None Include="..\.gitattributes">
      <Filter>Service</Filter>
    </None>
    <None Include="source\_libraries\SFML-2.5.1\include\SFML\Graphics\Glsl.inl">
      <Filter>Headers\SFML\Graphics</Filter>
    </None>
    <None Include="source\_libraries\SFML-2.5.1\include\SFML\Graphics\Rect.inl">
      <Filter>Headers\SFML\Graphics</Filter>
    </None>
    <None Include="config\supported_keys.ini">
      <Filter>Resources\config</Filter>
    </None>
    <None Include="config\window.ini">
      <Filter>Resources\config</Filter>
    </None>
    <None Include="config\GameState_keybinds.ini">
      <Filter>Resources\config</Filter>
    </None>
    <None Include="config\MainMenuState_keybinds.ini">
      <Filter>Resources\config</Filter>
    </None>
    <None Include="..\README.md">
      <Filter>Service</Filter>
    </None>
    <None Include="config\EditorState_keybinds.ini">
      <Filter>Resources\config</Filter>
    </None>
  </ItemGroup>
  <ItemGroup>
    <ClInclude Include="source\stdHeader.hpp">
      <Filter>Headers</Filter>
    </ClInclude>
    <ClInclude Include="source\_libraries\SFML-2.5.1\include\SFML\Graphics\BlendMode.hpp">
      <Filter>Headers\SFML\Graphics</Filter>
    </ClInclude>
    <ClInclude Include="source\_libraries\SFML-2.5.1\include\SFML\Graphics\CircleShape.hpp">
      <Filter>Headers\SFML\Graphics</Filter>
    </ClInclude>
    <ClInclude Include="source\_libraries\SFML-2.5.1\include\SFML\Graphics\Color.hpp">
      <Filter>Headers\SFML\Graphics</Filter>
    </ClInclude>
    <ClInclude Include="source\_libraries\SFML-2.5.1\include\SFML\Graphics\ConvexShape.hpp">
      <Filter>Headers\SFML\Graphics</Filter>
    </ClInclude>
    <ClInclude Include="source\_libraries\SFML-2.5.1\include\SFML\Graphics\Drawable.hpp">
      <Filter>Headers\SFML\Graphics</Filter>
    </ClInclude>
    <ClInclude Include="source\_libraries\SFML-2.5.1\include\SFML\Graphics\Export.hpp">
      <Filter>Headers\SFML\Graphics</Filter>
    </ClInclude>
    <ClInclude Include="source\_libraries\SFML-2.5.1\include\SFML\Graphics\Font.hpp">
      <Filter>Headers\SFML\Graphics</Filter>
    </ClInclude>
    <ClInclude Include="source\_libraries\SFML-2.5.1\include\SFML\Graphics\Glsl.hpp">
      <Filter>Headers\SFML\Graphics</Filter>
    </ClInclude>
    <ClInclude Include="source\_libraries\SFML-2.5.1\include\SFML\Graphics\Glyph.hpp">
      <Filter>Headers\SFML\Graphics</Filter>
    </ClInclude>
    <ClInclude Include="source\_libraries\SFML-2.5.1\include\SFML\Graphics\Image.hpp">
      <Filter>Headers\SFML\Graphics</Filter>
    </ClInclude>
    <ClInclude Include="source\_libraries\SFML-2.5.1\include\SFML\Graphics\PrimitiveType.hpp">
      <Filter>Headers\SFML\Graphics</Filter>
    </ClInclude>
    <ClInclude Include="source\_libraries\SFML-2.5.1\include\SFML\Graphics\Rect.hpp">
      <Filter>Headers\SFML\Graphics</Filter>
    </ClInclude>
    <ClInclude Include="source\_libraries\SFML-2.5.1\include\SFML\Graphics\RectangleShape.hpp">
      <Filter>Headers\SFML\Graphics</Filter>
    </ClInclude>
    <ClInclude Include="source\_libraries\SFML-2.5.1\include\SFML\Graphics\RenderStates.hpp">
      <Filter>Headers\SFML\Graphics</Filter>
    </ClInclude>
    <ClInclude Include="source\_libraries\SFML-2.5.1\include\SFML\Graphics\RenderTarget.hpp">
      <Filter>Headers\SFML\Graphics</Filter>
    </ClInclude>
    <ClInclude Include="source\_libraries\SFML-2.5.1\include\SFML\Graphics\RenderTexture.hpp">
      <Filter>Headers\SFML\Graphics</Filter>
    </ClInclude>
    <ClInclude Include="source\_libraries\SFML-2.5.1\include\SFML\Graphics\RenderWindow.hpp">
      <Filter>Headers\SFML\Graphics</Filter>
    </ClInclude>
    <ClInclude Include="source\_libraries\SFML-2.5.1\include\SFML\Graphics\Shader.hpp">
      <Filter>Headers\SFML\Graphics</Filter>
    </ClInclude>
    <ClInclude Include="source\_libraries\SFML-2.5.1\include\SFML\Graphics\Shape.hpp">
      <Filter>Headers\SFML\Graphics</Filter>
    </ClInclude>
    <ClInclude Include="source\_libraries\SFML-2.5.1\include\SFML\Graphics\Sprite.hpp">
      <Filter>Headers\SFML\Graphics</Filter>
    </ClInclude>
    <ClInclude Include="source\_libraries\SFML-2.5.1\include\SFML\Graphics\Text.hpp">
      <Filter>Headers\SFML\Graphics</Filter>
    </ClInclude>
    <ClInclude Include="source\_libraries\SFML-2.5.1\include\SFML\Graphics\Texture.hpp">
      <Filter>Headers\SFML\Graphics</Filter>
    </ClInclude>
    <ClInclude Include="source\_libraries\SFML-2.5.1\include\SFML\Graphics\Transform.hpp">
      <Filter>Headers\SFML\Graphics</Filter>
    </ClInclude>
    <ClInclude Include="source\_libraries\SFML-2.5.1\include\SFML\Graphics\Transformable.hpp">
      <Filter>Headers\SFML\Graphics</Filter>
    </ClInclude>
    <ClInclude Include="source\_libraries\SFML-2.5.1\include\SFML\Graphics\Vertex.hpp">
      <Filter>Headers\SFML\Graphics</Filter>
    </ClInclude>
    <ClInclude Include="source\_libraries\SFML-2.5.1\include\SFML\Graphics\VertexArray.hpp">
      <Filter>Headers\SFML\Graphics</Filter>
    </ClInclude>
    <ClInclude Include="source\_libraries\SFML-2.5.1\include\SFML\Graphics\VertexBuffer.hpp">
      <Filter>Headers\SFML\Graphics</Filter>
    </ClInclude>
    <ClInclude Include="source\_libraries\SFML-2.5.1\include\SFML\Graphics\View.hpp">
      <Filter>Headers\SFML\Graphics</Filter>
    </ClInclude>
    <ClInclude Include="source\Game.hpp">
      <Filter>Source\Core\Global_classes</Filter>
    </ClInclude>
    <ClInclude Include="source\Entity.hpp">
      <Filter>Source\Entities</Filter>
    </ClInclude>
    <ClInclude Include="source\GameState.hpp">
      <Filter>Source\Core\States</Filter>
    </ClInclude>
    <ClInclude Include="source\MainMenuState.hpp">
      <Filter>Source\Core\States</Filter>
    </ClInclude>
    <ClInclude Include="source\State.hpp">
      <Filter>Source\Core\States</Filter>
    </ClInclude>
    <ClInclude Include="source\Player.hpp">
      <Filter>Source\Entities</Filter>
    </ClInclude>
    <ClInclude Include="source\MovementComponent.hpp">
      <Filter>Source\Entities\Components</Filter>
    </ClInclude>
    <ClInclude Include="source\AnimationComponent.hpp">
      <Filter>Source\Entities\Components</Filter>
    </ClInclude>
    <ClInclude Include="source\EditorState.hpp">
      <Filter>Source\Core\States</Filter>
    </ClInclude>
    <ClInclude Include="source\HitboxComponent.hpp">
      <Filter>Source\Entities\Components</Filter>
    </ClInclude>
    <ClInclude Include="source\Tile.hpp">
      <Filter>Source\Tiles</Filter>
    </ClInclude>
    <ClInclude Include="source\Button.hpp">
      <Filter>Source\Core\Global_classes\GUI</Filter>
    </ClInclude>
    <ClInclude Include="source\PauseMenu.hpp">
      <Filter>Source\Core\Global_classes\GUI</Filter>
    </ClInclude>
    <ClInclude Include="source\Menu.hpp">
      <Filter>Source\Core\Global_classes\GUI</Filter>
    </ClInclude>
    <ClInclude Include="source\MainMenu.hpp">
      <Filter>Source\Core\Global_classes\GUI</Filter>
    </ClInclude>
  </ItemGroup>
  <ItemGroup>
    <Image Include="..\docs\Architecture\CoG_classDiagram.png">
      <Filter>Service\docs</Filter>
    </Image>
  </ItemGroup>
</Project>